
Microsoft Visual Studio Solution File, Format Version 12.00
# Visual Studio Version 17
VisualStudioVersion = 17.11.35312.102
MinimumVisualStudioVersion = 10.0.40219.1
Project("{FAE04EC0-301F-11D3-BF4B-00C04F79EFBC}") = "W4_Encapsulation", "W4_Encapsulation\W4_Encapsulation.csproj", "{D634C3D5-1F6D-4AB1-AC32-54D3367E9076}"
EndProject
Global
	GlobalSection(SolutionConfigurationPlatforms) = preSolution
		Debug|Any CPU = Debug|Any CPU
		Release|Any CPU = Release|Any CPU
	EndGlobalSection
	GlobalSection(ProjectConfigurationPlatforms) = postSolution
		{D634C3D5-1F6D-4AB1-AC32-54D3367E9076}.Debug|Any CPU.ActiveCfg = Debug|Any CPU
		{D634C3D5-1F6D-4AB1-AC32-54D3367E9076}.Debug|Any CPU.Build.0 = Debug|Any CPU
		{D634C3D5-1F6D-4AB1-AC32-54D3367E9076}.Release|Any CPU.ActiveCfg = Release|Any CPU
		{D634C3D5-1F6D-4AB1-AC32-54D3367E9076}.Release|Any CPU.Build.0 = Release|Any CPU
	EndGlobalSection
	GlobalSection(SolutionProperties) = preSolution
		HideSolutionNode = FALSE
	EndGlobalSection
	GlobalSection(ExtensibilityGlobals) = postSolution
		SolutionGuid = {1B26A649-D269-4A4A-AC22-2F6437B70915}
	EndGlobalSection
EndGlobal
